
Microsoft Visual Studio Solution File, Format Version 12.00
# Visual Studio 15
VisualStudioVersion = 15.0.27703.2000
MinimumVisualStudioVersion = 10.0.40219.1
Project("{FAE04EC0-301F-11D3-BF4B-00C04F79EFBC}") = "Project 6 Prim Hesapla App", "Project 6 Prim Hesapla App\Project 6 Prim Hesapla App.csproj", "{43D216DD-ED7F-4918-B38D-F225EA7D35B6}"
EndProject
Global
	GlobalSection(SolutionConfigurationPlatforms) = preSolution
		Debug|Any CPU = Debug|Any CPU
		Release|Any CPU = Release|Any CPU
	EndGlobalSection
	GlobalSection(ProjectConfigurationPlatforms) = postSolution
		{43D216DD-ED7F-4918-B38D-F225EA7D35B6}.Debug|Any CPU.ActiveCfg = Debug|Any CPU
		{43D216DD-ED7F-4918-B38D-F225EA7D35B6}.Debug|Any CPU.Build.0 = Debug|Any CPU
		{43D216DD-ED7F-4918-B38D-F225EA7D35B6}.Release|Any CPU.ActiveCfg = Release|Any CPU
		{43D216DD-ED7F-4918-B38D-F225EA7D35B6}.Release|Any CPU.Build.0 = Release|Any CPU
	EndGlobalSection
	GlobalSection(SolutionProperties) = preSolution
		HideSolutionNode = FALSE
	EndGlobalSection
	GlobalSection(ExtensibilityGlobals) = postSolution
		SolutionGuid = {517FD85A-E2A4-423C-8EE1-5440EC2635B1}
	EndGlobalSection
EndGlobal
